{
  "requires": true,
  "lockfileVersion": 1,
  "dependencies": {
    "jquery": {
      "version": "3.2.1",
      "resolved": "https://registry.npmjs.org/jquery/-/jquery-3.2.1.tgz",
      "integrity": "sha1-XE2d5lKvbNCncBVKYxu6ErAVx4c="
    },
    "style.css": {
      "version": "1.0.0-beta-1",
      "resolved": "https://registry.npmjs.org/style.css/-/style.css-1.0.0-beta-1.tgz",
      "integrity": "sha512-Ej9t2n9V0Y2vjtqSNrZKVVcBa0i3X4+06slIl3UqYzT/lT3SzUJnkHDdlWDTE68rjht7czzksDmhbAleUS5Mcw=="
    }
  }
}
